
Microsoft Visual Studio Solution File, Format Version 12.00
# Visual Studio Version 17
VisualStudioVersion = 17.0.31903.59
MinimumVisualStudioVersion = 10.0.40219.1
Project("{2150E333-8FDC-42A3-9474-1A3956D46DE8}") = "src", "src", "{827E0CD3-B72D-47B6-A68D-7590B98EB39B}"
EndProject
Project("{FAE04EC0-301F-11D3-BF4B-00C04F79EFBC}") = "IntuneSimulator.Core", "src\IntuneSimulator.Core\IntuneSimulator.Core.csproj", "{22C72C8A-7E1A-4768-A47F-4676D6F8ECEC}"
EndProject
Project("{FAE04EC0-301F-11D3-BF4B-00C04F79EFBC}") = "IntuneSimulator.Host", "src\IntuneSimulator.Host\IntuneSimulator.Host.csproj", "{B82FD868-A128-4773-8764-542FEEDE50AB}"
EndProject
Project("{FAE04EC0-301F-11D3-BF4B-00C04F79EFBC}") = "IntuneSimulator.Tests", "tests\IntuneSimulator.Tests\IntuneSimulator.Tests.csproj", "{E65DEF19-9CD0-40D4-A837-E57314B7A71B}"
EndProject
Project("{FAE04EC0-301F-11D3-BF4B-00C04F79EFBC}") = "ScepTestClient.CryptoApi", "src\ScepTestClient.CryptoApi\ScepTestClient.CryptoApi.csproj", "{E8423D6C-C6D5-4888-A871-04B26159B680}"
EndProject
Project("{FAE04EC0-301F-11D3-BF4B-00C04F79EFBC}") = "ScepTestClient.Crypto.BouncyCastle", "src\ScepTestClient.Crypto.BouncyCastle\ScepTestClient.Crypto.BouncyCastle.csproj", "{4AF377D7-C37A-45EF-8E95-DA5075208FF3}"
EndProject
Project("{FAE04EC0-301F-11D3-BF4B-00C04F79EFBC}") = "ScepTestClient.Core", "src\ScepTestClient.Core\ScepTestClient.Core.csproj", "{3C1010D8-1B8E-460B-A082-4FA7CCE79DC6}"
EndProject
Project("{FAE04EC0-301F-11D3-BF4B-00C04F79EFBC}") = "ScepTestClient.Cli", "src\ScepTestClient.Cli\ScepTestClient.Cli.csproj", "{5607FA39-071C-48C6-96B0-8A471CF284F1}"
EndProject
Project("{FAE04EC0-301F-11D3-BF4B-00C04F79EFBC}") = "ScepTestClient.Tests", "tests\ScepTestClient.Tests\ScepTestClient.Tests.csproj", "{2B5AB6A6-2CD0-450F-85E5-A74D85FCF8EE}"
EndProject
Global
	GlobalSection(SolutionConfigurationPlatforms) = preSolution
		Debug|Any CPU = Debug|Any CPU
		Debug|x64 = Debug|x64
		Debug|x86 = Debug|x86
		Release|Any CPU = Release|Any CPU
		Release|x64 = Release|x64
		Release|x86 = Release|x86
	EndGlobalSection
	GlobalSection(ProjectConfigurationPlatforms) = postSolution
		{22C72C8A-7E1A-4768-A47F-4676D6F8ECEC}.Debug|Any CPU.ActiveCfg = Debug|Any CPU
		{22C72C8A-7E1A-4768-A47F-4676D6F8ECEC}.Debug|Any CPU.Build.0 = Debug|Any CPU
		{22C72C8A-7E1A-4768-A47F-4676D6F8ECEC}.Debug|x64.ActiveCfg = Debug|Any CPU
		{22C72C8A-7E1A-4768-A47F-4676D6F8ECEC}.Debug|x64.Build.0 = Debug|Any CPU
		{22C72C8A-7E1A-4768-A47F-4676D6F8ECEC}.Debug|x86.ActiveCfg = Debug|Any CPU
		{22C72C8A-7E1A-4768-A47F-4676D6F8ECEC}.Debug|x86.Build.0 = Debug|Any CPU
		{22C72C8A-7E1A-4768-A47F-4676D6F8ECEC}.Release|Any CPU.ActiveCfg = Release|Any CPU
		{22C72C8A-7E1A-4768-A47F-4676D6F8ECEC}.Release|Any CPU.Build.0 = Release|Any CPU
		{22C72C8A-7E1A-4768-A47F-4676D6F8ECEC}.Release|x64.ActiveCfg = Release|Any CPU
		{22C72C8A-7E1A-4768-A47F-4676D6F8ECEC}.Release|x64.Build.0 = Release|Any CPU
		{22C72C8A-7E1A-4768-A47F-4676D6F8ECEC}.Release|x86.ActiveCfg = Release|Any CPU
		{22C72C8A-7E1A-4768-A47F-4676D6F8ECEC}.Release|x86.Build.0 = Release|Any CPU
		{B82FD868-A128-4773-8764-542FEEDE50AB}.Debug|Any CPU.ActiveCfg = Debug|Any CPU
		{B82FD868-A128-4773-8764-542FEEDE50AB}.Debug|Any CPU.Build.0 = Debug|Any CPU
		{B82FD868-A128-4773-8764-542FEEDE50AB}.Debug|x64.ActiveCfg = Debug|Any CPU
		{B82FD868-A128-4773-8764-542FEEDE50AB}.Debug|x64.Build.0 = Debug|Any CPU
		{B82FD868-A128-4773-8764-542FEEDE50AB}.Debug|x86.ActiveCfg = Debug|Any CPU
		{B82FD868-A128-4773-8764-542FEEDE50AB}.Debug|x86.Build.0 = Debug|Any CPU
		{B82FD868-A128-4773-8764-542FEEDE50AB}.Release|Any CPU.ActiveCfg = Release|Any CPU
		{B82FD868-A128-4773-8764-542FEEDE50AB}.Release|Any CPU.Build.0 = Release|Any CPU
		{B82FD868-A128-4773-8764-542FEEDE50AB}.Release|x64.ActiveCfg = Release|Any CPU
		{B82FD868-A128-4773-8764-542FEEDE50AB}.Release|x64.Build.0 = Release|Any CPU
		{B82FD868-A128-4773-8764-542FEEDE50AB}.Release|x86.ActiveCfg = Release|Any CPU
		{B82FD868-A128-4773-8764-542FEEDE50AB}.Release|x86.Build.0 = Release|Any CPU
		{E65DEF19-9CD0-40D4-A837-E57314B7A71B}.Debug|Any CPU.ActiveCfg = Debug|Any CPU
		{E65DEF19-9CD0-40D4-A837-E57314B7A71B}.Debug|Any CPU.Build.0 = Debug|Any CPU
		{E65DEF19-9CD0-40D4-A837-E57314B7A71B}.Debug|x64.ActiveCfg = Debug|Any CPU
		{E65DEF19-9CD0-40D4-A837-E57314B7A71B}.Debug|x64.Build.0 = Debug|Any CPU
		{E65DEF19-9CD0-40D4-A837-E57314B7A71B}.Debug|x86.ActiveCfg = Debug|Any CPU
		{E65DEF19-9CD0-40D4-A837-E57314B7A71B}.Debug|x86.Build.0 = Debug|Any CPU
		{E65DEF19-9CD0-40D4-A837-E57314B7A71B}.Release|Any CPU.ActiveCfg = Release|Any CPU
		{E65DEF19-9CD0-40D4-A837-E57314B7A71B}.Release|Any CPU.Build.0 = Release|Any CPU
		{E65DEF19-9CD0-40D4-A837-E57314B7A71B}.Release|x64.ActiveCfg = Release|Any CPU
		{E65DEF19-9CD0-40D4-A837-E57314B7A71B}.Release|x64.Build.0 = Release|Any CPU
		{E65DEF19-9CD0-40D4-A837-E57314B7A71B}.Release|x86.ActiveCfg = Release|Any CPU
		{E65DEF19-9CD0-40D4-A837-E57314B7A71B}.Release|x86.Build.0 = Release|Any CPU
		{E8423D6C-C6D5-4888-A871-04B26159B680}.Debug|Any CPU.ActiveCfg = Debug|Any CPU
		{E8423D6C-C6D5-4888-A871-04B26159B680}.Debug|Any CPU.Build.0 = Debug|Any CPU
		{E8423D6C-C6D5-4888-A871-04B26159B680}.Debug|x64.ActiveCfg = Debug|Any CPU
		{E8423D6C-C6D5-4888-A871-04B26159B680}.Debug|x64.Build.0 = Debug|Any CPU
		{E8423D6C-C6D5-4888-A871-04B26159B680}.Debug|x86.ActiveCfg = Debug|Any CPU
		{E8423D6C-C6D5-4888-A871-04B26159B680}.Debug|x86.Build.0 = Debug|Any CPU
		{E8423D6C-C6D5-4888-A871-04B26159B680}.Release|Any CPU.ActiveCfg = Release|Any CPU
		{E8423D6C-C6D5-4888-A871-04B26159B680}.Release|Any CPU.Build.0 = Release|Any CPU
		{E8423D6C-C6D5-4888-A871-04B26159B680}.Release|x64.ActiveCfg = Release|Any CPU
		{E8423D6C-C6D5-4888-A871-04B26159B680}.Release|x64.Build.0 = Release|Any CPU
		{E8423D6C-C6D5-4888-A871-04B26159B680}.Release|x86.ActiveCfg = Release|Any CPU
		{E8423D6C-C6D5-4888-A871-04B26159B680}.Release|x86.Build.0 = Release|Any CPU
		{4AF377D7-C37A-45EF-8E95-DA5075208FF3}.Debug|Any CPU.ActiveCfg = Debug|Any CPU
		{4AF377D7-C37A-45EF-8E95-DA5075208FF3}.Debug|Any CPU.Build.0 = Debug|Any CPU
		{4AF377D7-C37A-45EF-8E95-DA5075208FF3}.Debug|x64.ActiveCfg = Debug|Any CPU
		{4AF377D7-C37A-45EF-8E95-DA5075208FF3}.Debug|x64.Build.0 = Debug|Any CPU
		{4AF377D7-C37A-45EF-8E95-DA5075208FF3}.Debug|x86.ActiveCfg = Debug|Any CPU
		{4AF377D7-C37A-45EF-8E95-DA5075208FF3}.Debug|x86.Build.0 = Debug|Any CPU
		{4AF377D7-C37A-45EF-8E95-DA5075208FF3}.Release|Any CPU.ActiveCfg = Release|Any CPU
		{4AF377D7-C37A-45EF-8E95-DA5075208FF3}.Release|Any CPU.Build.0 = Release|Any CPU
		{4AF377D7-C37A-45EF-8E95-DA5075208FF3}.Release|x64.ActiveCfg = Release|Any CPU
		{4AF377D7-C37A-45EF-8E95-DA5075208FF3}.Release|x64.Build.0 = Release|Any CPU
		{4AF377D7-C37A-45EF-8E95-DA5075208FF3}.Release|x86.ActiveCfg = Release|Any CPU
		{4AF377D7-C37A-45EF-8E95-DA5075208FF3}.Release|x86.Build.0 = Release|Any CPU
		{3C1010D8-1B8E-460B-A082-4FA7CCE79DC6}.Debug|Any CPU.ActiveCfg = Debug|Any CPU
		{3C1010D8-1B8E-460B-A082-4FA7CCE79DC6}.Debug|Any CPU.Build.0 = Debug|Any CPU
		{3C1010D8-1B8E-460B-A082-4FA7CCE79DC6}.Debug|x64.ActiveCfg = Debug|Any CPU
		{3C1010D8-1B8E-460B-A082-4FA7CCE79DC6}.Debug|x64.Build.0 = Debug|Any CPU
		{3C1010D8-1B8E-460B-A082-4FA7CCE79DC6}.Debug|x86.ActiveCfg = Debug|Any CPU
		{3C1010D8-1B8E-460B-A082-4FA7CCE79DC6}.Debug|x86.Build.0 = Debug|Any CPU
		{3C1010D8-1B8E-460B-A082-4FA7CCE79DC6}.Release|Any CPU.ActiveCfg = Release|Any CPU
		{3C1010D8-1B8E-460B-A082-4FA7CCE79DC6}.Release|Any CPU.Build.0 = Release|Any CPU
		{3C1010D8-1B8E-460B-A082-4FA7CCE79DC6}.Release|x64.ActiveCfg = Release|Any CPU
		{3C1010D8-1B8E-460B-A082-4FA7CCE79DC6}.Release|x64.Build.0 = Release|Any CPU
		{3C1010D8-1B8E-460B-A082-4FA7CCE79DC6}.Release|x86.ActiveCfg = Release|Any CPU
		{3C1010D8-1B8E-460B-A082-4FA7CCE79DC6}.Release|x86.Build.0 = Release|Any CPU
		{5607FA39-071C-48C6-96B0-8A471CF284F1}.Debug|Any CPU.ActiveCfg = Debug|Any CPU
		{5607FA39-071C-48C6-96B0-8A471CF284F1}.Debug|Any CPU.Build.0 = Debug|Any CPU
		{5607FA39-071C-48C6-96B0-8A471CF284F1}.Debug|x64.ActiveCfg = Debug|Any CPU
		{5607FA39-071C-48C6-96B0-8A471CF284F1}.Debug|x64.Build.0 = Debug|Any CPU
		{5607FA39-071C-48C6-96B0-8A471CF284F1}.Debug|x86.ActiveCfg = Debug|Any CPU
		{5607FA39-071C-48C6-96B0-8A471CF284F1}.Debug|x86.Build.0 = Debug|Any CPU
		{5607FA39-071C-48C6-96B0-8A471CF284F1}.Release|Any CPU.ActiveCfg = Release|Any CPU
		{5607FA39-071C-48C6-96B0-8A471CF284F1}.Release|Any CPU.Build.0 = Release|Any CPU
		{5607FA39-071C-48C6-96B0-8A471CF284F1}.Release|x64.ActiveCfg = Release|Any CPU
		{5607FA39-071C-48C6-96B0-8A471CF284F1}.Release|x64.Build.0 = Release|Any CPU
		{5607FA39-071C-48C6-96B0-8A471CF284F1}.Release|x86.ActiveCfg = Release|Any CPU
		{5607FA39-071C-48C6-96B0-8A471CF284F1}.Release|x86.Build.0 = Release|Any CPU
		{2B5AB6A6-2CD0-450F-85E5-A74D85FCF8EE}.Debug|Any CPU.ActiveCfg = Debug|Any CPU
		{2B5AB6A6-2CD0-450F-85E5-A74D85FCF8EE}.Debug|Any CPU.Build.0 = Debug|Any CPU
		{2B5AB6A6-2CD0-450F-85E5-A74D85FCF8EE}.Debug|x64.ActiveCfg = Debug|Any CPU
		{2B5AB6A6-2CD0-450F-85E5-A74D85FCF8EE}.Debug|x64.Build.0 = Debug|Any CPU
		{2B5AB6A6-2CD0-450F-85E5-A74D85FCF8EE}.Debug|x86.ActiveCfg = Debug|Any CPU
		{2B5AB6A6-2CD0-450F-85E5-A74D85FCF8EE}.Debug|x86.Build.0 = Debug|Any CPU
		{2B5AB6A6-2CD0-450F-85E5-A74D85FCF8EE}.Release|Any CPU.ActiveCfg = Release|Any CPU
		{2B5AB6A6-2CD0-450F-85E5-A74D85FCF8EE}.Release|Any CPU.Build.0 = Release|Any CPU
		{2B5AB6A6-2CD0-450F-85E5-A74D85FCF8EE}.Release|x64.ActiveCfg = Release|Any CPU
		{2B5AB6A6-2CD0-450F-85E5-A74D85FCF8EE}.Release|x64.Build.0 = Release|Any CPU
		{2B5AB6A6-2CD0-450F-85E5-A74D85FCF8EE}.Release|x86.ActiveCfg = Release|Any CPU
		{2B5AB6A6-2CD0-450F-85E5-A74D85FCF8EE}.Release|x86.Build.0 = Release|Any CPU
	EndGlobalSection
	GlobalSection(SolutionProperties) = preSolution
		HideSolutionNode = FALSE
	EndGlobalSection
	GlobalSection(NestedProjects) = preSolution
		{22C72C8A-7E1A-4768-A47F-4676D6F8ECEC} = {827E0CD3-B72D-47B6-A68D-7590B98EB39B}
		{B82FD868-A128-4773-8764-542FEEDE50AB} = {827E0CD3-B72D-47B6-A68D-7590B98EB39B}
		{E65DEF19-9CD0-40D4-A837-E57314B7A71B} = {827E0CD3-B72D-47B6-A68D-7590B98EB39B}
		{E8423D6C-C6D5-4888-A871-04B26159B680} = {827E0CD3-B72D-47B6-A68D-7590B98EB39B}
		{4AF377D7-C37A-45EF-8E95-DA5075208FF3} = {827E0CD3-B72D-47B6-A68D-7590B98EB39B}
		{3C1010D8-1B8E-460B-A082-4FA7CCE79DC6} = {827E0CD3-B72D-47B6-A68D-7590B98EB39B}
		{5607FA39-071C-48C6-96B0-8A471CF284F1} = {827E0CD3-B72D-47B6-A68D-7590B98EB39B}
		{2B5AB6A6-2CD0-450F-85E5-A74D85FCF8EE} = {827E0CD3-B72D-47B6-A68D-7590B98EB39B}
	EndGlobalSection
EndGlobal
